
Microsoft Visual Studio Solution File, Format Version 12.00
# Visual Studio 2013
VisualStudioVersion = 12.0.31101.0
MinimumVisualStudioVersion = 10.0.40219.1
Project("{FAE04EC0-301F-11D3-BF4B-00C04F79EFBC}") = "WinTouch", "WinTouch\WinTouch.csproj", "{7F493667-8DFE-4FEC-A792-A2643F574B0A}"
EndProject
Project("{FAE04EC0-301F-11D3-BF4B-00C04F79EFBC}") = "WinTouch.Demo", "WinTouch.Demo\WinTouch.Demo.csproj", "{F638D6BA-094E-480C-8D3A-40930574248C}"
EndProject
Project("{2150E333-8FDC-42A3-9474-1A3956D46DE8}") = "Solution Items", "Solution Items", "{404820DE-ECC2-48F9-82D4-B8860AB15934}"
	ProjectSection(SolutionItems) = preProject
		.gitignore = .gitignore
		README.md = README.md
	EndProjectSection
EndProject
Global
	GlobalSection(SolutionConfigurationPlatforms) = preSolution
		Debug|x86 = Debug|x86
		Release|x86 = Release|x86
	EndGlobalSection
	GlobalSection(ProjectConfigurationPlatforms) = postSolution
		{7F493667-8DFE-4FEC-A792-A2643F574B0A}.Debug|x86.ActiveCfg = Debug|x86
		{7F493667-8DFE-4FEC-A792-A2643F574B0A}.Debug|x86.Build.0 = Debug|x86
		{7F493667-8DFE-4FEC-A792-A2643F574B0A}.Release|x86.ActiveCfg = Release|x86
		{7F493667-8DFE-4FEC-A792-A2643F574B0A}.Release|x86.Build.0 = Release|x86
		{F638D6BA-094E-480C-8D3A-40930574248C}.Debug|x86.ActiveCfg = Debug|x86
		{F638D6BA-094E-480C-8D3A-40930574248C}.Debug|x86.Build.0 = Debug|x86
		{F638D6BA-094E-480C-8D3A-40930574248C}.Release|x86.ActiveCfg = Release|x86
		{F638D6BA-094E-480C-8D3A-40930574248C}.Release|x86.Build.0 = Release|x86
	EndGlobalSection
	GlobalSection(SolutionProperties) = preSolution
		HideSolutionNode = FALSE
	EndGlobalSection
EndGlobal
